
Microsoft Visual Studio Solution File, Format Version 12.00
# Visual Studio Version 16
VisualStudioVersion = 16.0.30717.126
MinimumVisualStudioVersion = 10.0.40219.1
Project("{FAE04EC0-301F-11D3-BF4B-00C04F79EFBC}") = "prjView02", "prjView02\prjView02.csproj", "{C878DF16-1CC9-41BA-B7B9-E06BF8303489}"
EndProject
Global
	GlobalSection(SolutionConfigurationPlatforms) = preSolution
		Debug|Any CPU = Debug|Any CPU
		Release|Any CPU = Release|Any CPU
	EndGlobalSection
	GlobalSection(ProjectConfigurationPlatforms) = postSolution
		{C878DF16-1CC9-41BA-B7B9-E06BF8303489}.Debug|Any CPU.ActiveCfg = Debug|Any CPU
		{C878DF16-1CC9-41BA-B7B9-E06BF8303489}.Debug|Any CPU.Build.0 = Debug|Any CPU
		{C878DF16-1CC9-41BA-B7B9-E06BF8303489}.Release|Any CPU.ActiveCfg = Release|Any CPU
		{C878DF16-1CC9-41BA-B7B9-E06BF8303489}.Release|Any CPU.Build.0 = Release|Any CPU
	EndGlobalSection
	GlobalSection(SolutionProperties) = preSolution
		HideSolutionNode = FALSE
	EndGlobalSection
	GlobalSection(ExtensibilityGlobals) = postSolution
		SolutionGuid = {B0706E07-F397-44CD-BDFB-FD41D2D3417B}
	EndGlobalSection
EndGlobal
